
Microsoft Visual Studio Solution File, Format Version 12.00
# Visual Studio 15
VisualStudioVersion = 15.0.28307.1321
MinimumVisualStudioVersion = 10.0.40219.1
Project("{8BC9CEB8-8B4A-11D0-8D11-00A0C91BC942}") = "ShellcodeInjector", "ShellcodeInjector\ShellcodeInjector.vcxproj", "{E3406A33-74A1-4DC5-B0A9-1B7E8B3AA25B}"
EndProject
Global
	GlobalSection(SolutionConfigurationPlatforms) = preSolution
		Debug|x64 = Debug|x64
		Debug|x86 = Debug|x86
		Release|x64 = Release|x64
		Release|x86 = Release|x86
	EndGlobalSection
	GlobalSection(ProjectConfigurationPlatforms) = postSolution
		{E3406A33-74A1-4DC5-B0A9-1B7E8B3AA25B}.Debug|x64.ActiveCfg = Debug|x64
		{E3406A33-74A1-4DC5-B0A9-1B7E8B3AA25B}.Debug|x64.Build.0 = Debug|x64
		{E3406A33-74A1-4DC5-B0A9-1B7E8B3AA25B}.Debug|x86.ActiveCfg = Debug|Win32
		{E3406A33-74A1-4DC5-B0A9-1B7E8B3AA25B}.Debug|x86.Build.0 = Debug|Win32
		{E3406A33-74A1-4DC5-B0A9-1B7E8B3AA25B}.Release|x64.ActiveCfg = Release|x64
		{E3406A33-74A1-4DC5-B0A9-1B7E8B3AA25B}.Release|x64.Build.0 = Release|x64
		{E3406A33-74A1-4DC5-B0A9-1B7E8B3AA25B}.Release|x86.ActiveCfg = Release|Win32
		{E3406A33-74A1-4DC5-B0A9-1B7E8B3AA25B}.Release|x86.Build.0 = Release|Win32
	EndGlobalSection
	GlobalSection(SolutionProperties) = preSolution
		HideSolutionNode = FALSE
	EndGlobalSection
	GlobalSection(ExtensibilityGlobals) = postSolution
		SolutionGuid = {47A6AA99-DC29-4B39-B88C-0EE4A68B5088}
	EndGlobalSection
EndGlobal
